{
  "name": "zipjs-test",
  "version": "1.0.0",
  "lockfileVersion": 3,
  "requires": true,
  "packages": {
    "": {
      "name": "zipjs-test",
      "version": "1.0.0",
      "dependencies": {
        "@zip.js/zip.js": "^2.8.11"
      }
    },
    "node_modules/@zip.js/zip.js": {
      "version": "2.8.11",
      "resolved": "https://registry.npmjs.org/@zip.js/zip.js/-/zip.js-2.8.11.tgz",
      "integrity": "sha512-0fztsk/0ryJ+2PPr9EyXS5/Co7OK8q3zY/xOoozEWaUsL5x+C0cyZ4YyMuUffOO2Dx/rAdq4JMPqW0VUtm+vzA==",
      "license": "BSD-3-Clause",
      "engines": {
        "bun": ">=0.7.0",
        "deno": ">=1.0.0",
        "node": ">=18.0.0"
      }
    }
  }
}
